Microsoft Visual Studio Solution File, Format Version 10.00
# Visual Studio 2008
Project("{8BC9CEB8-8B4A-11D0-8D11-00A0C91BC942}") = "ALL_BUILD", ".\ALL_BUILD.vcproj", "{68D0377C-5C87-4D94-9C09-5E1C1205A3F5}"
	ProjectSection(ProjectDependencies) = postProject
		{0A7211D0-9047-469B-8C52-2B3E1886D64A} = {0A7211D0-9047-469B-8C52-2B3E1886D64A}
		{05968465-B9A9-4847-A6AE-334886F36388} = {05968465-B9A9-4847-A6AE-334886F36388}
		{01E8B710-C56C-4B96-8595-67E8DF58A165} = {01E8B710-C56C-4B96-8595-67E8DF58A165}
		{81A0533C-B197-41B0-90FC-7526C0C4077F} = {81A0533C-B197-41B0-90FC-7526C0C4077F}
		{7AC54883-491A-4FEA-98B2-2E46095DD361} = {7AC54883-491A-4FEA-98B2-2E46095DD361}
		{4DC3029C-013C-4171-90CF-F07170AE0065} = {4DC3029C-013C-4171-90CF-F07170AE0065}
		{73614300-FB54-4625-A2F1-2AFE10654B67} = {73614300-FB54-4625-A2F1-2AFE10654B67}
		{C2B16AC7-F12F-483E-8FE9-A62B9EC470F2} = {C2B16AC7-F12F-483E-8FE9-A62B9EC470F2}
		{92DD4101-9F1A-4C4F-AC5F-72768E5A1F6E} = {92DD4101-9F1A-4C4F-AC5F-72768E5A1F6E}
		{B3FD57B6-96A7-44D1-81E3-91A08327BB0F} = {B3FD57B6-96A7-44D1-81E3-91A08327BB0F}
	EndProjectSection
EndProject
Project("{8BC9CEB8-8B4A-11D0-8D11-00A0C91BC942}") = "ZERO_CHECK", ".\ZERO_CHECK.vcproj", "{0A7211D0-9047-469B-8C52-2B3E1886D64A}"
	ProjectSection(ProjectDependencies) = postProject
	EndProjectSection
EndProject
Project("{8BC9CEB8-8B4A-11D0-8D11-00A0C91BC942}") = "fbm_2d", "fractal\fbm_2d.vcproj", "{05968465-B9A9-4847-A6AE-334886F36388}"
	ProjectSection(ProjectDependencies) = postProject
		{0A7211D0-9047-469B-8C52-2B3E1886D64A} = {0A7211D0-9047-469B-8C52-2B3E1886D64A}
	EndProjectSection
EndProject
Project("{8BC9CEB8-8B4A-11D0-8D11-00A0C91BC942}") = "fbm_hcalc", "fractal\fbm_hcalc.vcproj", "{01E8B710-C56C-4B96-8595-67E8DF58A165}"
	ProjectSection(ProjectDependencies) = postProject
		{0A7211D0-9047-469B-8C52-2B3E1886D64A} = {0A7211D0-9047-469B-8C52-2B3E1886D64A}
	EndProjectSection
EndProject
Project("{8BC9CEB8-8B4A-11D0-8D11-00A0C91BC942}") = "fractal", "fractal\fractal.vcproj", "{81A0533C-B197-41B0-90FC-7526C0C4077F}"
	ProjectSection(ProjectDependencies) = postProject
		{0A7211D0-9047-469B-8C52-2B3E1886D64A} = {0A7211D0-9047-469B-8C52-2B3E1886D64A}
	EndProjectSection
EndProject
Project("{8BC9CEB8-8B4A-11D0-8D11-00A0C91BC942}") = "ifs", "fractal\ifs.vcproj", "{7AC54883-491A-4FEA-98B2-2E46095DD361}"
	ProjectSection(ProjectDependencies) = postProject
		{81A0533C-B197-41B0-90FC-7526C0C4077F} = {81A0533C-B197-41B0-90FC-7526C0C4077F}
		{0A7211D0-9047-469B-8C52-2B3E1886D64A} = {0A7211D0-9047-469B-8C52-2B3E1886D64A}
	EndProjectSection
EndProject
Project("{8BC9CEB8-8B4A-11D0-8D11-00A0C91BC942}") = "julia", "fractal\julia.vcproj", "{4DC3029C-013C-4171-90CF-F07170AE0065}"
	ProjectSection(ProjectDependencies) = postProject
		{0A7211D0-9047-469B-8C52-2B3E1886D64A} = {0A7211D0-9047-469B-8C52-2B3E1886D64A}
	EndProjectSection
EndProject
Project("{8BC9CEB8-8B4A-11D0-8D11-00A0C91BC942}") = "koch", "fractal\koch.vcproj", "{73614300-FB54-4625-A2F1-2AFE10654B67}"
	ProjectSection(ProjectDependencies) = postProject
		{81A0533C-B197-41B0-90FC-7526C0C4077F} = {81A0533C-B197-41B0-90FC-7526C0C4077F}
		{0A7211D0-9047-469B-8C52-2B3E1886D64A} = {0A7211D0-9047-469B-8C52-2B3E1886D64A}
	EndProjectSection
EndProject
Project("{8BC9CEB8-8B4A-11D0-8D11-00A0C91BC942}") = "lsystem", "fractal\lsystem.vcproj", "{C2B16AC7-F12F-483E-8FE9-A62B9EC470F2}"
	ProjectSection(ProjectDependencies) = postProject
		{81A0533C-B197-41B0-90FC-7526C0C4077F} = {81A0533C-B197-41B0-90FC-7526C0C4077F}
		{0A7211D0-9047-469B-8C52-2B3E1886D64A} = {0A7211D0-9047-469B-8C52-2B3E1886D64A}
	EndProjectSection
EndProject
Project("{8BC9CEB8-8B4A-11D0-8D11-00A0C91BC942}") = "mandelbrot", "fractal\mandelbrot.vcproj", "{92DD4101-9F1A-4C4F-AC5F-72768E5A1F6E}"
	ProjectSection(ProjectDependencies) = postProject
		{0A7211D0-9047-469B-8C52-2B3E1886D64A} = {0A7211D0-9047-469B-8C52-2B3E1886D64A}
	EndProjectSection
EndProject
Project("{8BC9CEB8-8B4A-11D0-8D11-00A0C91BC942}") = "mandelbulb", "fractal\mandelbulb.vcproj", "{B3FD57B6-96A7-44D1-81E3-91A08327BB0F}"
	ProjectSection(ProjectDependencies) = postProject
		{0A7211D0-9047-469B-8C52-2B3E1886D64A} = {0A7211D0-9047-469B-8C52-2B3E1886D64A}
	EndProjectSection
EndProject
Global
	GlobalSection(SolutionConfigurationPlatforms) = preSolution
		Debug|x64 = Debug|x64
		Release|x64 = Release|x64
		MinSizeRel|x64 = MinSizeRel|x64
		RelWithDebInfo|x64 = RelWithDebInfo|x64
	EndGlobalSection
	GlobalSection(ProjectConfigurationPlatforms) = postSolution
		{68D0377C-5C87-4D94-9C09-5E1C1205A3F5}.Debug|x64.ActiveCfg = Debug|x64
		{68D0377C-5C87-4D94-9C09-5E1C1205A3F5}.Release|x64.ActiveCfg = Release|x64
		{68D0377C-5C87-4D94-9C09-5E1C1205A3F5}.MinSizeRel|x64.ActiveCfg = MinSizeRel|x64
		{68D0377C-5C87-4D94-9C09-5E1C1205A3F5}.RelWithDebInfo|x64.ActiveCfg = RelWithDebInfo|x64
		{68D0377C-5C87-4D94-9C09-5E1C1205A3F5}.Debug|x64.ActiveCfg = Debug|x64
		{68D0377C-5C87-4D94-9C09-5E1C1205A3F5}.Release|x64.ActiveCfg = Release|x64
		{68D0377C-5C87-4D94-9C09-5E1C1205A3F5}.MinSizeRel|x64.ActiveCfg = MinSizeRel|x64
		{68D0377C-5C87-4D94-9C09-5E1C1205A3F5}.RelWithDebInfo|x64.ActiveCfg = RelWithDebInfo|x64
		{0A7211D0-9047-469B-8C52-2B3E1886D64A}.Debug|x64.ActiveCfg = Debug|x64
		{0A7211D0-9047-469B-8C52-2B3E1886D64A}.Debug|x64.Build.0 = Debug|x64
		{0A7211D0-9047-469B-8C52-2B3E1886D64A}.Release|x64.ActiveCfg = Release|x64
		{0A7211D0-9047-469B-8C52-2B3E1886D64A}.Release|x64.Build.0 = Release|x64
		{0A7211D0-9047-469B-8C52-2B3E1886D64A}.MinSizeRel|x64.ActiveCfg = MinSizeRel|x64
		{0A7211D0-9047-469B-8C52-2B3E1886D64A}.MinSizeRel|x64.Build.0 = MinSizeRel|x64
		{0A7211D0-9047-469B-8C52-2B3E1886D64A}.RelWithDebInfo|x64.ActiveCfg = RelWithDebInfo|x64
		{0A7211D0-9047-469B-8C52-2B3E1886D64A}.RelWithDebInfo|x64.Build.0 = RelWithDebInfo|x64
		{0A7211D0-9047-469B-8C52-2B3E1886D64A}.Debug|x64.ActiveCfg = Debug|x64
		{0A7211D0-9047-469B-8C52-2B3E1886D64A}.Debug|x64.Build.0 = Debug|x64
		{0A7211D0-9047-469B-8C52-2B3E1886D64A}.Release|x64.ActiveCfg = Release|x64
		{0A7211D0-9047-469B-8C52-2B3E1886D64A}.Release|x64.Build.0 = Release|x64
		{0A7211D0-9047-469B-8C52-2B3E1886D64A}.MinSizeRel|x64.ActiveCfg = MinSizeRel|x64
		{0A7211D0-9047-469B-8C52-2B3E1886D64A}.MinSizeRel|x64.Build.0 = MinSizeRel|x64
		{0A7211D0-9047-469B-8C52-2B3E1886D64A}.RelWithDebInfo|x64.ActiveCfg = RelWithDebInfo|x64
		{0A7211D0-9047-469B-8C52-2B3E1886D64A}.RelWithDebInfo|x64.Build.0 = RelWithDebInfo|x64
		{05968465-B9A9-4847-A6AE-334886F36388}.Debug|x64.ActiveCfg = Debug|x64
		{05968465-B9A9-4847-A6AE-334886F36388}.Debug|x64.Build.0 = Debug|x64
		{05968465-B9A9-4847-A6AE-334886F36388}.Release|x64.ActiveCfg = Release|x64
		{05968465-B9A9-4847-A6AE-334886F36388}.Release|x64.Build.0 = Release|x64
		{05968465-B9A9-4847-A6AE-334886F36388}.MinSizeRel|x64.ActiveCfg = MinSizeRel|x64
		{05968465-B9A9-4847-A6AE-334886F36388}.MinSizeRel|x64.Build.0 = MinSizeRel|x64
		{05968465-B9A9-4847-A6AE-334886F36388}.RelWithDebInfo|x64.ActiveCfg = RelWithDebInfo|x64
		{05968465-B9A9-4847-A6AE-334886F36388}.RelWithDebInfo|x64.Build.0 = RelWithDebInfo|x64
		{01E8B710-C56C-4B96-8595-67E8DF58A165}.Debug|x64.ActiveCfg = Debug|x64
		{01E8B710-C56C-4B96-8595-67E8DF58A165}.Debug|x64.Build.0 = Debug|x64
		{01E8B710-C56C-4B96-8595-67E8DF58A165}.Release|x64.ActiveCfg = Release|x64
		{01E8B710-C56C-4B96-8595-67E8DF58A165}.Release|x64.Build.0 = Release|x64
		{01E8B710-C56C-4B96-8595-67E8DF58A165}.MinSizeRel|x64.ActiveCfg = MinSizeRel|x64
		{01E8B710-C56C-4B96-8595-67E8DF58A165}.MinSizeRel|x64.Build.0 = MinSizeRel|x64
		{01E8B710-C56C-4B96-8595-67E8DF58A165}.RelWithDebInfo|x64.ActiveCfg = RelWithDebInfo|x64
		{01E8B710-C56C-4B96-8595-67E8DF58A165}.RelWithDebInfo|x64.Build.0 = RelWithDebInfo|x64
		{81A0533C-B197-41B0-90FC-7526C0C4077F}.Debug|x64.ActiveCfg = Debug|x64
		{81A0533C-B197-41B0-90FC-7526C0C4077F}.Debug|x64.Build.0 = Debug|x64
		{81A0533C-B197-41B0-90FC-7526C0C4077F}.Release|x64.ActiveCfg = Release|x64
		{81A0533C-B197-41B0-90FC-7526C0C4077F}.Release|x64.Build.0 = Release|x64
		{81A0533C-B197-41B0-90FC-7526C0C4077F}.MinSizeRel|x64.ActiveCfg = MinSizeRel|x64
		{81A0533C-B197-41B0-90FC-7526C0C4077F}.MinSizeRel|x64.Build.0 = MinSizeRel|x64
		{81A0533C-B197-41B0-90FC-7526C0C4077F}.RelWithDebInfo|x64.ActiveCfg = RelWithDebInfo|x64
		{81A0533C-B197-41B0-90FC-7526C0C4077F}.RelWithDebInfo|x64.Build.0 = RelWithDebInfo|x64
		{7AC54883-491A-4FEA-98B2-2E46095DD361}.Debug|x64.ActiveCfg = Debug|x64
		{7AC54883-491A-4FEA-98B2-2E46095DD361}.Debug|x64.Build.0 = Debug|x64
		{7AC54883-491A-4FEA-98B2-2E46095DD361}.Release|x64.ActiveCfg = Release|x64
		{7AC54883-491A-4FEA-98B2-2E46095DD361}.Release|x64.Build.0 = Release|x64
		{7AC54883-491A-4FEA-98B2-2E46095DD361}.MinSizeRel|x64.ActiveCfg = MinSizeRel|x64
		{7AC54883-491A-4FEA-98B2-2E46095DD361}.MinSizeRel|x64.Build.0 = MinSizeRel|x64
		{7AC54883-491A-4FEA-98B2-2E46095DD361}.RelWithDebInfo|x64.ActiveCfg = RelWithDebInfo|x64
		{7AC54883-491A-4FEA-98B2-2E46095DD361}.RelWithDebInfo|x64.Build.0 = RelWithDebInfo|x64
		{4DC3029C-013C-4171-90CF-F07170AE0065}.Debug|x64.ActiveCfg = Debug|x64
		{4DC3029C-013C-4171-90CF-F07170AE0065}.Debug|x64.Build.0 = Debug|x64
		{4DC3029C-013C-4171-90CF-F07170AE0065}.Release|x64.ActiveCfg = Release|x64
		{4DC3029C-013C-4171-90CF-F07170AE0065}.Release|x64.Build.0 = Release|x64
		{4DC3029C-013C-4171-90CF-F07170AE0065}.MinSizeRel|x64.ActiveCfg = MinSizeRel|x64
		{4DC3029C-013C-4171-90CF-F07170AE0065}.MinSizeRel|x64.Build.0 = MinSizeRel|x64
		{4DC3029C-013C-4171-90CF-F07170AE0065}.RelWithDebInfo|x64.ActiveCfg = RelWithDebInfo|x64
		{4DC3029C-013C-4171-90CF-F07170AE0065}.RelWithDebInfo|x64.Build.0 = RelWithDebInfo|x64
		{73614300-FB54-4625-A2F1-2AFE10654B67}.Debug|x64.ActiveCfg = Debug|x64
		{73614300-FB54-4625-A2F1-2AFE10654B67}.Debug|x64.Build.0 = Debug|x64
		{73614300-FB54-4625-A2F1-2AFE10654B67}.Release|x64.ActiveCfg = Release|x64
		{73614300-FB54-4625-A2F1-2AFE10654B67}.Release|x64.Build.0 = Release|x64
		{73614300-FB54-4625-A2F1-2AFE10654B67}.MinSizeRel|x64.ActiveCfg = MinSizeRel|x64
		{73614300-FB54-4625-A2F1-2AFE10654B67}.MinSizeRel|x64.Build.0 = MinSizeRel|x64
		{73614300-FB54-4625-A2F1-2AFE10654B67}.RelWithDebInfo|x64.ActiveCfg = RelWithDebInfo|x64
		{73614300-FB54-4625-A2F1-2AFE10654B67}.RelWithDebInfo|x64.Build.0 = RelWithDebInfo|x64
		{C2B16AC7-F12F-483E-8FE9-A62B9EC470F2}.Debug|x64.ActiveCfg = Debug|x64
		{C2B16AC7-F12F-483E-8FE9-A62B9EC470F2}.Debug|x64.Build.0 = Debug|x64
		{C2B16AC7-F12F-483E-8FE9-A62B9EC470F2}.Release|x64.ActiveCfg = Release|x64
		{C2B16AC7-F12F-483E-8FE9-A62B9EC470F2}.Release|x64.Build.0 = Release|x64
		{C2B16AC7-F12F-483E-8FE9-A62B9EC470F2}.MinSizeRel|x64.ActiveCfg = MinSizeRel|x64
		{C2B16AC7-F12F-483E-8FE9-A62B9EC470F2}.MinSizeRel|x64.Build.0 = MinSizeRel|x64
		{C2B16AC7-F12F-483E-8FE9-A62B9EC470F2}.RelWithDebInfo|x64.ActiveCfg = RelWithDebInfo|x64
		{C2B16AC7-F12F-483E-8FE9-A62B9EC470F2}.RelWithDebInfo|x64.Build.0 = RelWithDebInfo|x64
		{92DD4101-9F1A-4C4F-AC5F-72768E5A1F6E}.Debug|x64.ActiveCfg = Debug|x64
		{92DD4101-9F1A-4C4F-AC5F-72768E5A1F6E}.Debug|x64.Build.0 = Debug|x64
		{92DD4101-9F1A-4C4F-AC5F-72768E5A1F6E}.Release|x64.ActiveCfg = Release|x64
		{92DD4101-9F1A-4C4F-AC5F-72768E5A1F6E}.Release|x64.Build.0 = Release|x64
		{92DD4101-9F1A-4C4F-AC5F-72768E5A1F6E}.MinSizeRel|x64.ActiveCfg = MinSizeRel|x64
		{92DD4101-9F1A-4C4F-AC5F-72768E5A1F6E}.MinSizeRel|x64.Build.0 = MinSizeRel|x64
		{92DD4101-9F1A-4C4F-AC5F-72768E5A1F6E}.RelWithDebInfo|x64.ActiveCfg = RelWithDebInfo|x64
		{92DD4101-9F1A-4C4F-AC5F-72768E5A1F6E}.RelWithDebInfo|x64.Build.0 = RelWithDebInfo|x64
		{B3FD57B6-96A7-44D1-81E3-91A08327BB0F}.Debug|x64.ActiveCfg = Debug|x64
		{B3FD57B6-96A7-44D1-81E3-91A08327BB0F}.Debug|x64.Build.0 = Debug|x64
		{B3FD57B6-96A7-44D1-81E3-91A08327BB0F}.Release|x64.ActiveCfg = Release|x64
		{B3FD57B6-96A7-44D1-81E3-91A08327BB0F}.Release|x64.Build.0 = Release|x64
		{B3FD57B6-96A7-44D1-81E3-91A08327BB0F}.MinSizeRel|x64.ActiveCfg = MinSizeRel|x64
		{B3FD57B6-96A7-44D1-81E3-91A08327BB0F}.MinSizeRel|x64.Build.0 = MinSizeRel|x64
		{B3FD57B6-96A7-44D1-81E3-91A08327BB0F}.RelWithDebInfo|x64.ActiveCfg = RelWithDebInfo|x64
		{B3FD57B6-96A7-44D1-81E3-91A08327BB0F}.RelWithDebInfo|x64.Build.0 = RelWithDebInfo|x64
	EndGlobalSection
	GlobalSection(ExtensibilityGlobals) = postSolution
	EndGlobalSection
	GlobalSection(ExtensibilityAddIns) = postSolution
	EndGlobalSection
EndGlobal
